
Microsoft Visual Studio Solution File, Format Version 12.00
# Visual Studio Version 16
VisualStudioVersion = 16.0.31515.178
MinimumVisualStudioVersion = 10.0.40219.1
Project("{FAE04EC0-301F-11D3-BF4B-00C04F79EFBC}") = "ExerciseRefrigerator", "ExerciseRefrigerator\ExerciseRefrigerator.csproj", "{2DB37936-5F90-45D3-B41D-C1A0DF8884CE}"
EndProject
Global
	GlobalSection(SolutionConfigurationPlatforms) = preSolution
		Debug|Any CPU = Debug|Any CPU
		Release|Any CPU = Release|Any CPU
	EndGlobalSection
	GlobalSection(ProjectConfigurationPlatforms) = postSolution
		{2DB37936-5F90-45D3-B41D-C1A0DF8884CE}.Debug|Any CPU.ActiveCfg = Debug|Any CPU
		{2DB37936-5F90-45D3-B41D-C1A0DF8884CE}.Debug|Any CPU.Build.0 = Debug|Any CPU
		{2DB37936-5F90-45D3-B41D-C1A0DF8884CE}.Release|Any CPU.ActiveCfg = Release|Any CPU
		{2DB37936-5F90-45D3-B41D-C1A0DF8884CE}.Release|Any CPU.Build.0 = Release|Any CPU
	EndGlobalSection
	GlobalSection(SolutionProperties) = preSolution
		HideSolutionNode = FALSE
	EndGlobalSection
	GlobalSection(ExtensibilityGlobals) = postSolution
		SolutionGuid = {A08AB216-F99F-4A1D-8117-60C14B13A8DF}
	EndGlobalSection
EndGlobal
